// !$*UTF8*$!
{
	archiveVersion = 1;
	classes = {
	};
	objectVersion = 48;
	objects = {

/* Begin PBXBuildFile section */
		AF177DA71F757CE300388227 /* AppDelegate.swift in Sources */ = {isa = PBXBuildFile; fileRef = AF177DA61F757CE300388227 /* AppDelegate.swift */; };
		AF177DA91F757CE300388227 /* ViewController.swift in Sources */ = {isa = PBXBuildFile; fileRef = AF177DA81F757CE300388227 /* ViewController.swift */; };
		AF177DAC1F757CE300388227 /* Main.storyboard in Resources */ = {isa = PBXBuildFile; fileRef = AF177DAA1F757CE300388227 /* Main.storyboard */; };
		AF177DAE1F757CE300388227 /* Assets.xcassets in Resources */ = {isa = PBXBuildFile; fileRef = AF177DAD1F757CE300388227 /* Assets.xcassets */; };
		AF177DB11F757CE300388227 /* LaunchScreen.storyboard in Resources */ = {isa = PBXBuildFile; fileRef = AF177DAF1F757CE300388227 /* LaunchScreen.storyboard */; };
		AF177DB91F757D4100388227 /* MyCustomView.swift in Sources */ = {isa = PBXBuildFile; fileRef = AF177DB81F757D4100388227 /* MyCustomView.swift */; };
/* End PBXBuildFile section */

/* Begin PBXFileReference section */
		AF177DA31F757CE300388227 /* ReusableViewWithButton.app */ = {isa = PBXFileReference; explicitFileType = wrapper.application; includeInIndex = 0; path = ReusableViewWithButton.app; sourceTree = BUILT_PRODUCTS_DIR; };
		AF177DA61F757CE300388227 /* AppDelegate.swift */ = {isa = PBXFileReference; lastKnownFileType = sourcecode.swift; path = AppDelegate.swift; sourceTree = "<group>"; };
		AF177DA81F757CE300388227 /* ViewController.swift */ = {isa = PBXFileReference; lastKnownFileType = sourcecode.swift; path = ViewController.swift; sourceTree = "<group>"; };
		AF177DAB1F757CE300388227 /* Base */ = {isa = PBXFileReference; lastKnownFileType = file.storyboard; name = Base; path = Base.lproj/Main.storyboard; sourceTree = "<group>"; };
		AF177DAD1F757CE300388227 /* Assets.xcassets */ = {isa = PBXFileReference; lastKnownFileType = folder.assetcatalog; path = Assets.xcassets; sourceTree = "<group>"; };
		AF177DB01F757CE300388227 /* Base */ = {isa = PBXFileReference; lastKnownFileType = file.storyboard; name = Base; path = Base.lproj/LaunchScreen.storyboard; sourceTree = "<group>"; };
		AF177DB21F757CE300388227 /* Info.plist */ = {isa = PBXFileReference; lastKnownFileType = text.plist.xml; path = Info.plist; sourceTree = "<group>"; };
		AF177DB81F757D4100388227 /* MyCustomView.swift */ = {isa = PBXFileReference; lastKnownFileType = sourcecode.swift; path = MyCustomView.swift; sourceTree = "<group>"; };
/* End PBXFileReference section */

/* Begin PBXFrameworksBuildPhase section */
		AF177DA01F757CE300388227 /* Frameworks */ = {
			isa = PBXFrameworksBuildPhase;
			buildActionMask = 2147483647;
			files = (
			);
			runOnlyForDeploymentPostprocessing = 0;
		};
/* End PBXFrameworksBuildPhase section */

/* Begin PBXGroup section */
		AF177D9A1F757CE300388227 = {
			isa = PBXGroup;
			children = (
				AF177DA51F757CE300388227 /* ReusableViewWithButton */,
				AF177DA41F757CE300388227 /* Products */,
			);
			sourceTree = "<group>";
		};
		AF177DA41F757CE300388227 /* Products */ = {
			isa = PBXGroup;
			children = (
				AF177DA31F757CE300388227 /* ReusableViewWithButton.app */,
			);
			name = Products;
			sourceTree = "<group>";
		};
		AF177DA51F757CE300388227 /* ReusableViewWithButton */ = {
			isa = PBXGroup;
			children = (
				AF177DA61F757CE300388227 /* AppDelegate.swift */,
				AF177DA81F757CE300388227 /* ViewController.swift */,
				AF177DAA1F757CE300388227 /* Main.storyboard */,
				AF177DB81F757D4100388227 /* MyCustomView.swift */,
				AF177DAD1F757CE300388227 /* Assets.xcassets */,
				AF177DAF1F757CE300388227 /* LaunchScreen.storyboard */,
				AF177DB21F757CE300388227 /* Info.plist */,
			);
			path = ReusableViewWithButton;
			sourceTree = "<group>";
		};
/* End PBXGroup section */

/* Begin PBXNativeTarget section */
		AF177DA21F757CE300388227 /* ReusableViewWithButton */ = {
			isa = PBXNativeTarget;
			buildConfigurationList = AF177DB51F757CE300388227 /* Build configuration list for PBXNativeTarget "ReusableViewWithButton" */;
			buildPhases = (
				AF177D9F1F757CE300388227 /* Sources */,
				AF177DA01F757CE300388227 /* Frameworks */,
				AF177DA11F757CE300388227 /* Resources */,
			);
			buildRules = (
			);
			dependencies = (
			);
			name = ReusableViewWithButton;
			productName = ReusableViewWithButton;
			productReference = AF177DA31F757CE300388227 /* ReusableViewWithButton.app */;
			productType = "com.apple.product-type.application";
		};
/* End PBXNativeTarget section */

/* Begin PBXProject section */
		AF177D9B1F757CE300388227 /* Project object */ = {
			isa = PBXProject;
			attributes = {
				LastSwiftUpdateCheck = 0900;
				LastUpgradeCheck = 0900;
				ORGANIZATIONNAME = "Mufakkharul Islam Nayem";
				TargetAttributes = {
					AF177DA21F757CE300388227 = {
						CreatedOnToolsVersion = 9.0;
						ProvisioningStyle = Automatic;
					};
				};
			};
			buildConfigurationList = AF177D9E1F757CE300388227 /* Build configuration list for PBXProject "ReusableViewWithButton" */;
			compatibilityVersion = "Xcode 8.0";
			developmentRegion = en;
			hasScannedForEncodings = 0;
			knownRegions = (
				en,
				Base,
			);
			mainGroup = AF177D9A1F757CE300388227;
			productRefGroup = AF177DA41F757CE300388227 /* Products */;
			projectDirPath = "";
			projectRoot = "";
			targets = (
				AF177DA21F757CE300388227 /* ReusableViewWithButton */,
			);
		};
/* End PBXProject section */

/* Begin PBXResourcesBuildPhase section */
		AF177DA11F757CE300388227 /* Resources */ = {
			isa = PBXResourcesBuildPhase;
			buildActionMask = 2147483647;
			files = (
				AF177DB11F757CE300388227 /* LaunchScreen.storyboard in Resources */,
				AF177DAE1F757CE300388227 /* Assets.xcassets in Resources */,
				AF177DAC1F757CE300388227 /* Main.storyboard in Resources */,
			);
			runOnlyForDeploymentPostprocessing = 0;
		};
/* End PBXResourcesBuildPhase section */

/* Begin PBXSourcesBuildPhase section */
		AF177D9F1F757CE300388227 /* Sources */ = {
			isa = PBXSourcesBuildPhase;
			buildActionMask = 2147483647;
			files = (
				AF177DA91F757CE300388227 /* ViewController.swift in Sources */,
				AF177DB91F757D4100388227 /* MyCustomView.swift in Sources */,
				AF177DA71F757CE300388227 /* AppDelegate.swift in Sources */,
			);
			runOnlyForDeploymentPostprocessing = 0;
		};
/* End PBXSourcesBuildPhase section */

/* Begin PBXVariantGroup section */
		AF177DAA1F757CE300388227 /* Main.storyboard */ = {
			isa = PBXVariantGroup;
			children = (
				AF177DAB1F757CE300388227 /* Base */,
			);
			name = Main.storyboard;
			sourceTree = "<group>";
		};
		AF177DAF1F757CE300388227 /* LaunchScreen.storyboard */ = {
			isa = PBXVariantGroup;
			children = (
				AF177DB01F757CE300388227 /* Base */,
			);
			name = LaunchScreen.storyboard;
			sourceTree = "<group>";
		};
/* End PBXVariantGroup section */

/* Begin XCBuildConfiguration section */
		AF177DB31F757CE300388227 /* Debug */ = {
			isa = XCBuildConfiguration;
			buildSettings = {
				ALWAYS_SEARCH_USER_PATHS = NO;
				CLANG_ANALYZER_NONNULL = YES;
				CLANG_ANALYZER_NUMBER_OBJECT_CONVERSION = YES_AGGRESSIVE;
				CLANG_CXX_LANGUAGE_STANDARD = "gnu++14";
				CLANG_CXX_LIBRARY = "libc++";
				CLANG_ENABLE_MODULES = YES;
				CLANG_ENABLE_OBJC_ARC = YES;
				CLANG_WARN_BLOCK_CAPTURE_AUTORELEASING = YES;
				CLANG_WARN_BOOL_CONVERSION = YES;
				CLANG_WARN_COMMA = YES;
				CLANG_WARN_CONSTANT_CONVERSION = YES;
				CLANG_WARN_DIRECT_OBJC_ISA_USAGE = YES_ERROR;
				CLANG_WARN_DOCUMENTATION_COMMENTS = YES;
				CLANG_WARN_EMPTY_BODY = YES;
				CLANG_WARN_ENUM_CONVERSION = YES;
				CLANG_WARN_INFINITE_RECURSION = YES;
				CLANG_WARN_INT_CONVERSION = YES;
				CLANG_WARN_NON_LITERAL_NULL_CONVERSION = YES;
				CLANG_WARN_OBJC_LITERAL_CONVERSION = YES;
				CLANG_WARN_OBJC_ROOT_CLASS = YES_ERROR;
				CLANG_WARN_RANGE_LOOP_ANALYSIS = YES;
				CLANG_WARN_STRICT_PROTOTYPES = YES;
				CLANG_WARN_SUSPICIOUS_MOVE = YES;
				CLANG_WARN_UNGUARDED_AVAILABILITY = YES_AGGRESSIVE;
				CLANG_WARN_UNREACHABLE_CODE = YES;
				CLANG_WARN__DUPLICATE_METHOD_MATCH = YES;
				CODE_SIGN_IDENTITY = "iPhone Developer";
				COPY_PHASE_STRIP = NO;
				DEBUG_INFORMATION_FORMAT = dwarf;
				ENABLE_STRICT_OBJC_MSGSEND = YES;
				ENABLE_TESTABILITY = YES;
				GCC_C_LANGUAGE_STANDARD = gnu11;
				GCC_DYNAMIC_NO_PIC = NO;
				GCC_NO_COMMON_BLOCKS = YES;
				GCC_OPTIMIZATION_LEVEL = 0;
				GCC_PREPROCESSOR_DEFINITIONS = (
					"DEBUG=1",
					"$(inherited)",
				);
				GCC_WARN_64_TO_32_BIT_CONVERSION = YES;
				GCC_WARN_ABOUT_RETURN_TYPE = YES_ERROR;
				GCC_WARN_UNDECLARED_SELECTOR = YES;
				GCC_WARN_UNINITIALIZED_AUTOS = YES_AGGRESSIVE;
				GCC_WARN_UNUSED_FUNCTION = YES;
				GCC_WARN_UNUSED_VARIABLE = YES;
				IPHONEOS_DEPLOYMENT_TARGET = 11.0;
				MTL_ENABLE_DEBUG_INFO = YES;
				ONLY_ACTIVE_ARCH = YES;
				SDKROOT = iphoneos;
				SWIFT_ACTIVE_COMPILATION_CONDITIONS = DEBUG;
				SWIFT_OPTIMIZATION_LEVEL = "-Onone";
			};
			name = Debug;
		};
		AF177DB41F757CE300388227 /* Release */ = {
			isa = XCBuildConfiguration;
			buildSettings = {
				ALWAYS_SEARCH_USER_PATHS = NO;
				CLANG_ANALYZER_NONNULL = YES;
				CLANG_ANALYZER_NUMBER_OBJECT_CONVERSION = YES_AGGRESSIVE;
				CLANG_CXX_LANGUAGE_STANDARD = "gnu++14";
				CLANG_CXX_LIBRARY = "libc++";
				CLANG_ENABLE_MODULES = YES;
				CLANG_ENABLE_OBJC_ARC = YES;
				CLANG_WARN_BLOCK_CAPTURE_AUTORELEASING = YES;
				CLANG_WARN_BOOL_CONVERSION = YES;
				CLANG_WARN_COMMA = YES;
				CLANG_WARN_CONSTANT_CONVERSION = YES;
				CLANG_WARN_DIRECT_OBJC_ISA_USAGE = YES_ERROR;
				CLANG_WARN_DOCUMENTATION_COMMENTS = YES;
				CLANG_WARN_EMPTY_BODY = YES;
				CLANG_WARN_ENUM_CONVERSION = YES;
				CLANG_WARN_INFINITE_RECURSION = YES;
				CLANG_WARN_INT_CONVERSION = YES;
				CLANG_WARN_NON_LITERAL_NULL_CONVERSION = YES;
				CLANG_WARN_OBJC_LITERAL_CONVERSION = YES;
				CLANG_WARN_OBJC_ROOT_CLASS = YES_ERROR;
				CLANG_WARN_RANGE_LOOP_ANALYSIS = YES;
				CLANG_WARN_STRICT_PROTOTYPES = YES;
				CLANG_WARN_SUSPICIOUS_MOVE = YES;
				CLANG_WARN_UNGUARDED_AVAILABILITY = YES_AGGRESSIVE;
				CLANG_WARN_UNREACHABLE_CODE = YES;
				CLANG_WARN__DUPLICATE_METHOD_MATCH = YES;
				CODE_SIGN_IDENTITY = "iPhone Developer";
				COPY_PHASE_STRIP = NO;
				DEBUG_INFORMATION_FORMAT = "dwarf-with-dsym";
				ENABLE_NS_ASSERTIONS = NO;
				ENABLE_STRICT_OBJC_MSGSEND = YES;
				GCC_C_LANGUAGE_STANDARD = gnu11;
				GCC_NO_COMMON_BLOCKS = YES;
				GCC_WARN_64_TO_32_BIT_CONVERSION = YES;
				GCC_WARN_ABOUT_RETURN_TYPE = YES_ERROR;
				GCC_WARN_UNDECLARED_SELECTOR = YES;
				GCC_WARN_UNINITIALIZED_AUTOS = YES_AGGRESSIVE;
				GCC_WARN_UNUSED_FUNCTION = YES;
				GCC_WARN_UNUSED_VARIABLE = YES;
				IPHONEOS_DEPLOYMENT_TARGET = 11.0;
				MTL_ENABLE_DEBUG_INFO = NO;
				SDKROOT = iphoneos;
				SWIFT_OPTIMIZATION_LEVEL = "-Owholemodule";
				VALIDATE_PRODUCT = YES;
			};
			name = Release;
		};
		AF177DB61F757CE300388227 /* Debug */ = {
			isa = XCBuildConfiguration;
			buildSettings = {
				ASSETCATALOG_COMPILER_APPICON_NAME = AppIcon;
				CODE_SIGN_STYLE = Automatic;
				DEVELOPMENT_TEAM = EJHMZ3UG6B;
				INFOPLIST_FILE = ReusableViewWithButton/Info.plist;
				LD_RUNPATH_SEARCH_PATHS = "$(inherited) @executable_path/Frameworks";
				PRODUCT_BUNDLE_IDENTIFIER = com.nayem.ReusableViewWithButton;
				PRODUCT_NAME = "$(TARGET_NAME)";
				SWIFT_VERSION = 4.0;
				TARGETED_DEVICE_FAMILY = "1,2";
			};
			name = Debug;
		};
		AF177DB71F757CE300388227 /* Release */ = {
			isa = XCBuildConfiguration;
			buildSettings = {
				ASSETCATALOG_COMPILER_APPICON_NAME = AppIcon;
				CODE_SIGN_STYLE = Automatic;
				DEVELOPMENT_TEAM = EJHMZ3UG6B;
				INFOPLIST_FILE = ReusableViewWithButton/Info.plist;
				LD_RUNPATH_SEARCH_PATHS = "$(inherited) @executable_path/Frameworks";
				PRODUCT_BUNDLE_IDENTIFIER = com.nayem.ReusableViewWithButton;
				PRODUCT_NAME = "$(TARGET_NAME)";
				SWIFT_VERSION = 4.0;
				TARGETED_DEVICE_FAMILY = "1,2";
			};
			name = Release;
		};
/* End XCBuildConfiguration section */

/* Begin XCConfigurationList section */
		AF177D9E1F757CE300388227 /* Build configuration list for PBXProject "ReusableViewWithButton" */ = {
			isa = XCConfigurationList;
			buildConfigurations = (
				AF177DB31F757CE300388227 /* Debug */,
				AF177DB41F757CE300388227 /* Release */,
			);
			defaultConfigurationIsVisible = 0;
			defaultConfigurationName = Release;
		};
		AF177DB51F757CE300388227 /* Build configuration list for PBXNativeTarget "ReusableViewWithButton" */ = {
			isa = XCConfigurationList;
			buildConfigurations = (
				AF177DB61F757CE300388227 /* Debug */,
				AF177DB71F757CE300388227 /* Release */,
			);
			defaultConfigurationIsVisible = 0;
			defaultConfigurationName = Release;
		};
/* End XCConfigurationList section */
	};
	rootObject = AF177D9B1F757CE300388227 /* Project object */;
}
